
Microsoft Visual Studio Solution File, Format Version 12.00
# Visual Studio Version 17
VisualStudioVersion = 17.8.34316.72
MinimumVisualStudioVersion = 10.0.40219.1
Project("{FAE04EC0-301F-11D3-BF4B-00C04F79EFBC}") = "MvcMovie", "MvcMovie.csproj", "{8EE0D3AF-4999-4694-BC62-619D1CB929DF}"
EndProject
Global
	GlobalSection(SolutionConfigurationPlatforms) = preSolution
		Debug|Any CPU = Debug|Any CPU
		Release|Any CPU = Release|Any CPU
	EndGlobalSection
	GlobalSection(ProjectConfigurationPlatforms) = postSolution
		{8EE0D3AF-4999-4694-BC62-619D1CB929DF}.Debug|Any CPU.ActiveCfg = Debug|Any CPU
		{8EE0D3AF-4999-4694-BC62-619D1CB929DF}.Debug|Any CPU.Build.0 = Debug|Any CPU
		{8EE0D3AF-4999-4694-BC62-619D1CB929DF}.Release|Any CPU.ActiveCfg = Release|Any CPU
		{8EE0D3AF-4999-4694-BC62-619D1CB929DF}.Release|Any CPU.Build.0 = Release|Any CPU
	EndGlobalSection
	GlobalSection(SolutionProperties) = preSolution
		HideSolutionNode = FALSE
	EndGlobalSection
	GlobalSection(ExtensibilityGlobals) = postSolution
		SolutionGuid = {880A817F-B5DB-4672-85CD-BD4BF24F8988}
	EndGlobalSection
EndGlobal
